// !$*UTF8*$!
{
	archiveVersion = 1;
	classes = {
	};
	objectVersion = 56;
	objects = {

/* Begin PBXBuildFile section */
		640168722AF20B1E00CBE131 /* SearchController.swift in Sources */ = {isa = PBXBuildFile; fileRef = 640168712AF20B1E00CBE131 /* SearchController.swift */; };
		640168742AF20C3300CBE131 /* UserCell.swift in Sources */ = {isa = PBXBuildFile; fileRef = 640168732AF20C3300CBE131 /* UserCell.swift */; };
		640168772AF214A400CBE131 /* ProfileController.swift in Sources */ = {isa = PBXBuildFile; fileRef = 640168762AF214A400CBE131 /* ProfileController.swift */; };
		640168792AF2151200CBE131 /* ProfileHeaderViewModel.swift in Sources */ = {isa = PBXBuildFile; fileRef = 640168782AF2151200CBE131 /* ProfileHeaderViewModel.swift */; };
		6401687C2AF219DE00CBE131 /* ProfileHeader.swift in Sources */ = {isa = PBXBuildFile; fileRef = 6401687B2AF219DE00CBE131 /* ProfileHeader.swift */; };
		6401687E2AF21A0900CBE131 /* ProfileFilterView.swift in Sources */ = {isa = PBXBuildFile; fileRef = 6401687D2AF21A0900CBE131 /* ProfileFilterView.swift */; };
		640168802AF21A5300CBE131 /* ProfileFilterCell.swift in Sources */ = {isa = PBXBuildFile; fileRef = 6401687F2AF21A5300CBE131 /* ProfileFilterCell.swift */; };
		641BDDA72B00AE0C003F81B9 /* EditProfileController.swift in Sources */ = {isa = PBXBuildFile; fileRef = 641BDDA62B00AE0C003F81B9 /* EditProfileController.swift */; };
		641BDDA92B00AE74003F81B9 /* EditProfileFooter.swift in Sources */ = {isa = PBXBuildFile; fileRef = 641BDDA82B00AE74003F81B9 /* EditProfileFooter.swift */; };
		641BDDAB2B00AEFA003F81B9 /* EditProfileHeader.swift in Sources */ = {isa = PBXBuildFile; fileRef = 641BDDAA2B00AEFA003F81B9 /* EditProfileHeader.swift */; };
		641BDDAD2B00AF75003F81B9 /* EditProfileViewModel.swift in Sources */ = {isa = PBXBuildFile; fileRef = 641BDDAC2B00AF75003F81B9 /* EditProfileViewModel.swift */; };
		641BDDAF2B00AFD2003F81B9 /* EditProfileCell.swift in Sources */ = {isa = PBXBuildFile; fileRef = 641BDDAE2B00AFD2003F81B9 /* EditProfileCell.swift */; };
		643260D52ADBBA5800A047B1 /* CommentBottomTextView.swift in Sources */ = {isa = PBXBuildFile; fileRef = 643260D42ADBBA5800A047B1 /* CommentBottomTextView.swift */; };
		6441F8592ACE8ACB000C3FD0 /* CommunityCell.swift in Sources */ = {isa = PBXBuildFile; fileRef = 6441F8582ACE8ACB000C3FD0 /* CommunityCell.swift */; };
		6448F8692B0C6B7E00C73009 /* oceanback.mp4 in Resources */ = {isa = PBXBuildFile; fileRef = 6448F8662B0C6ABD00C73009 /* oceanback.mp4 */; };
		6448F86A2B0C6B7E00C73009 /* tab2.mp4 in Resources */ = {isa = PBXBuildFile; fileRef = 64AC742E2B0C5274004C4BBD /* tab2.mp4 */; };
		6448F86B2B0C6B7E00C73009 /* tab2-2.mp4 in Resources */ = {isa = PBXBuildFile; fileRef = 64AC74302B0C527B004C4BBD /* tab2-2.mp4 */; };
		6448F86C2B0C6B7E00C73009 /* tab2-3.mp4 in Resources */ = {isa = PBXBuildFile; fileRef = 64AC742F2B0C5277004C4BBD /* tab2-3.mp4 */; };
		6448F86D2B0C6B7E00C73009 /* backmain.mp4 in Resources */ = {isa = PBXBuildFile; fileRef = 64AC742B2B0C49C9004C4BBD /* backmain.mp4 */; };
		6448F86E2B0C6B7E00C73009 /* sky.mp4 in Resources */ = {isa = PBXBuildFile; fileRef = 6427AB9C2B0BA85900720002 /* sky.mp4 */; };
		645A21B52AFDEA440001D701 /* RegistrationController.swift in Sources */ = {isa = PBXBuildFile; fileRef = 645A21B42AFDEA440001D701 /* RegistrationController.swift */; };
		645A21B72AFDEA7F0001D701 /* AuthService.swift in Sources */ = {isa = PBXBuildFile; fileRef = 645A21B62AFDEA7F0001D701 /* AuthService.swift */; };
		645A21B92AFDF9520001D701 /* Utilities.swift in Sources */ = {isa = PBXBuildFile; fileRef = 645A21B82AFDF9520001D701 /* Utilities.swift */; };
		646255862ADAC5270057D835 /* CommentCell.swift in Sources */ = {isa = PBXBuildFile; fileRef = 646255852ADAC5270057D835 /* CommentCell.swift */; };
		646255892ADADCF30057D835 /* CommentFeedViewController.swift in Sources */ = {isa = PBXBuildFile; fileRef = 646255882ADADCF30057D835 /* CommentFeedViewController.swift */; };
		649D945C2AB0A5590092BF0D /* AppDelegate.swift in Sources */ = {isa = PBXBuildFile; fileRef = 649D945B2AB0A5590092BF0D /* AppDelegate.swift */; };
		649D945E2AB0A5590092BF0D /* SceneDelegate.swift in Sources */ = {isa = PBXBuildFile; fileRef = 649D945D2AB0A5590092BF0D /* SceneDelegate.swift */; };
		649D94632AB0A5590092BF0D /* Main.storyboard in Resources */ = {isa = PBXBuildFile; fileRef = 649D94612AB0A5590092BF0D /* Main.storyboard */; };
		649D94652AB0A55B0092BF0D /* Assets.xcassets in Resources */ = {isa = PBXBuildFile; fileRef = 649D94642AB0A55B0092BF0D /* Assets.xcassets */; };
		649D94682AB0A55B0092BF0D /* LaunchScreen.storyboard in Resources */ = {isa = PBXBuildFile; fileRef = 649D94662AB0A55B0092BF0D /* LaunchScreen.storyboard */; };
		649D947B2AB19E5E0092BF0D /* LoginViewController.swift in Sources */ = {isa = PBXBuildFile; fileRef = 649D947A2AB19E5E0092BF0D /* LoginViewController.swift */; };
		649D947D2AB19E840092BF0D /* MainTabController.swift in Sources */ = {isa = PBXBuildFile; fileRef = 649D947C2AB19E840092BF0D /* MainTabController.swift */; };
		649D947F2AB19F200092BF0D /* DiaryViewController.swift in Sources */ = {isa = PBXBuildFile; fileRef = 649D947E2AB19F200092BF0D /* DiaryViewController.swift */; };
		649D94812AB1A0EA0092BF0D /* DiaryCommunityFeedViewController.swift in Sources */ = {isa = PBXBuildFile; fileRef = 649D94802AB1A0EA0092BF0D /* DiaryCommunityFeedViewController.swift */; };
		649D94852AB416A00092BF0D /* WriteDiaryController.swift in Sources */ = {isa = PBXBuildFile; fileRef = 649D94842AB4169F0092BF0D /* WriteDiaryController.swift */; };
		649D94882AB41CC10092BF0D /* Extentions.swift in Sources */ = {isa = PBXBuildFile; fileRef = 649D94872AB41CC10092BF0D /* Extentions.swift */; };
		649D948A2AB41D7B0092BF0D /* InputTextView.swift in Sources */ = {isa = PBXBuildFile; fileRef = 649D94892AB41D7B0092BF0D /* InputTextView.swift */; };
		649D948C2AB448B80092BF0D /* Constants.swift in Sources */ = {isa = PBXBuildFile; fileRef = 649D948B2AB448B80092BF0D /* Constants.swift */; };
		649D948E2AB6EF4A0092BF0D /* User.swift in Sources */ = {isa = PBXBuildFile; fileRef = 649D948D2AB6EF4A0092BF0D /* User.swift */; };
		649D94912AB6EFFD0092BF0D /* UserService.swift in Sources */ = {isa = PBXBuildFile; fileRef = 649D94902AB6EFFD0092BF0D /* UserService.swift */; };
		64BDAA2C2B24990600928E98 /* LandingPageView.swift in Sources */ = {isa = PBXBuildFile; fileRef = 64BDAA2B2B24990600928E98 /* LandingPageView.swift */; };
		64BDAA2E2B24B0AC00928E98 /* LandingPageCell.swift in Sources */ = {isa = PBXBuildFile; fileRef = 64BDAA2D2B24B0AC00928E98 /* LandingPageCell.swift */; };
		64BE8E372ACFE97D00703410 /* CommunityDiarySelectController.swift in Sources */ = {isa = PBXBuildFile; fileRef = 64BE8E362ACFE97D00703410 /* CommunityDiarySelectController.swift */; };
		64D5CA3E2B30357B0073EE0F /* LaunchScreen.mp4 in Resources */ = {isa = PBXBuildFile; fileRef = 64D5CA3D2B30357B0073EE0F /* LaunchScreen.mp4 */; };
		64D64F7B2B2EDA1B00189DFE /* GoogleService-Info.plist in Resources */ = {isa = PBXBuildFile; fileRef = 64D64F7A2B2EDA1B00189DFE /* GoogleService-Info.plist */; };
		64E0F5362AF9F6DF00122E4A /* ActionSheetLauncher.swift in Sources */ = {isa = PBXBuildFile; fileRef = 64E0F5352AF9F6DE00122E4A /* ActionSheetLauncher.swift */; };
		64E0F5382AF9F73F00122E4A /* DiaryHeader.swift in Sources */ = {isa = PBXBuildFile; fileRef = 64E0F5372AF9F73F00122E4A /* DiaryHeader.swift */; };
		64E0F53A2AF9F9B100122E4A /* ActionSheetCell.swift in Sources */ = {isa = PBXBuildFile; fileRef = 64E0F5392AF9F9B100122E4A /* ActionSheetCell.swift */; };
		64E0F53C2AF9F9D700122E4A /* ActionSheetViewModel.swift in Sources */ = {isa = PBXBuildFile; fileRef = 64E0F53B2AF9F9D700122E4A /* ActionSheetViewModel.swift */; };
		64E0F53E2AF9FF8900122E4A /* Notification.swift in Sources */ = {isa = PBXBuildFile; fileRef = 64E0F53D2AF9FF8900122E4A /* Notification.swift */; };
		64E0F5402AF9FFE200122E4A /* NotificationService.swift in Sources */ = {isa = PBXBuildFile; fileRef = 64E0F53F2AF9FFE200122E4A /* NotificationService.swift */; };
		64E0F5432AFA05F900122E4A /* NotificationsController.swift in Sources */ = {isa = PBXBuildFile; fileRef = 64E0F5422AFA05F900122E4A /* NotificationsController.swift */; };
		64E0F5452AFA063700122E4A /* NotificationCell.swift in Sources */ = {isa = PBXBuildFile; fileRef = 64E0F5442AFA063700122E4A /* NotificationCell.swift */; };
		64E0F5472AFA06CD00122E4A /* NotificationViewModel.swift in Sources */ = {isa = PBXBuildFile; fileRef = 64E0F5462AFA06CD00122E4A /* NotificationViewModel.swift */; };
		64FA49EB2AB7DC7C0007A263 /* DiaryService.swift in Sources */ = {isa = PBXBuildFile; fileRef = 64FA49EA2AB7DC7C0007A263 /* DiaryService.swift */; };
		64FA49ED2AB7DDD90007A263 /* UploadDiaryViewModel.swift in Sources */ = {isa = PBXBuildFile; fileRef = 64FA49EC2AB7DDD90007A263 /* UploadDiaryViewModel.swift */; };
		64FA49EF2AB7DF0B0007A263 /* Diary.swift in Sources */ = {isa = PBXBuildFile; fileRef = 64FA49EE2AB7DF0B0007A263 /* Diary.swift */; };
		64FA49F12AB80BEF0007A263 /* DiaryCell.swift in Sources */ = {isa = PBXBuildFile; fileRef = 64FA49F02AB80BEF0007A263 /* DiaryCell.swift */; };
		64FA49F32AB815170007A263 /* DiaryViewModel.swift in Sources */ = {isa = PBXBuildFile; fileRef = 64FA49F22AB815170007A263 /* DiaryViewModel.swift */; };
		64FA49FF2AB83F4A0007A263 /* 나눔손글씨 무궁화.ttf in Resources */ = {isa = PBXBuildFile; fileRef = 64FA49FE2AB83F490007A263 /* 나눔손글씨 무궁화.ttf */; };
		AB19DA4ACF04F045E70B1060 /* Pods_Memoir_Mate.framework in Frameworks */ = {isa = PBXBuildFile; fileRef = CD75905DB84546C8A59E468C /* Pods_Memoir_Mate.framework */; };
/* End PBXBuildFile section */

/* Begin PBXFileReference section */
		511CF1AF3192634CF689C053 /* Pods-Memoir-Mate.debug.xcconfig */ = {isa = PBXFileReference; includeInIndex = 1; lastKnownFileType = text.xcconfig; name = "Pods-Memoir-Mate.debug.xcconfig"; path = "Target Support Files/Pods-Memoir-Mate/Pods-Memoir-Mate.debug.xcconfig"; sourceTree = "<group>"; };
		640168712AF20B1E00CBE131 /* SearchController.swift */ = {isa = PBXFileReference; lastKnownFileType = sourcecode.swift; path = SearchController.swift; sourceTree = "<group>"; };
		640168732AF20C3300CBE131 /* UserCell.swift */ = {isa = PBXFileReference; lastKnownFileType = sourcecode.swift; path = UserCell.swift; sourceTree = "<group>"; };
		640168762AF214A400CBE131 /* ProfileController.swift */ = {isa = PBXFileReference; lastKnownFileType = sourcecode.swift; path = ProfileController.swift; sourceTree = "<group>"; };
		640168782AF2151200CBE131 /* ProfileHeaderViewModel.swift */ = {isa = PBXFileReference; lastKnownFileType = sourcecode.swift; path = ProfileHeaderViewModel.swift; sourceTree = "<group>"; };
		6401687B2AF219DE00CBE131 /* ProfileHeader.swift */ = {isa = PBXFileReference; lastKnownFileType = sourcecode.swift; path = ProfileHeader.swift; sourceTree = "<group>"; };
		6401687D2AF21A0900CBE131 /* ProfileFilterView.swift */ = {isa = PBXFileReference; lastKnownFileType = sourcecode.swift; path = ProfileFilterView.swift; sourceTree = "<group>"; };
		6401687F2AF21A5300CBE131 /* ProfileFilterCell.swift */ = {isa = PBXFileReference; lastKnownFileType = sourcecode.swift; path = ProfileFilterCell.swift; sourceTree = "<group>"; };
		641BDDA62B00AE0C003F81B9 /* EditProfileController.swift */ = {isa = PBXFileReference; lastKnownFileType = sourcecode.swift; path = EditProfileController.swift; sourceTree = "<group>"; };
		641BDDA82B00AE74003F81B9 /* EditProfileFooter.swift */ = {isa = PBXFileReference; lastKnownFileType = sourcecode.swift; path = EditProfileFooter.swift; sourceTree = "<group>"; };
		641BDDAA2B00AEFA003F81B9 /* EditProfileHeader.swift */ = {isa = PBXFileReference; lastKnownFileType = sourcecode.swift; path = EditProfileHeader.swift; sourceTree = "<group>"; };
		641BDDAC2B00AF75003F81B9 /* EditProfileViewModel.swift */ = {isa = PBXFileReference; lastKnownFileType = sourcecode.swift; path = EditProfileViewModel.swift; sourceTree = "<group>"; };
		641BDDAE2B00AFD2003F81B9 /* EditProfileCell.swift */ = {isa = PBXFileReference; lastKnownFileType = sourcecode.swift; path = EditProfileCell.swift; sourceTree = "<group>"; };
		642135622AC3BA1E00E6E02D /* back3.mp4 */ = {isa = PBXFileReference; lastKnownFileType = file; path = back3.mp4; sourceTree = "<group>"; };
		6427AB9C2B0BA85900720002 /* sky.mp4 */ = {isa = PBXFileReference; lastKnownFileType = file; path = sky.mp4; sourceTree = "<group>"; };
		643260D42ADBBA5800A047B1 /* CommentBottomTextView.swift */ = {isa = PBXFileReference; lastKnownFileType = sourcecode.swift; path = CommentBottomTextView.swift; sourceTree = "<group>"; };
		6441F8582ACE8ACB000C3FD0 /* CommunityCell.swift */ = {isa = PBXFileReference; lastKnownFileType = sourcecode.swift; path = CommunityCell.swift; sourceTree = "<group>"; };
		6448F8662B0C6ABD00C73009 /* oceanback.mp4 */ = {isa = PBXFileReference; lastKnownFileType = file; path = oceanback.mp4; sourceTree = "<group>"; };
		645A21B42AFDEA440001D701 /* RegistrationController.swift */ = {isa = PBXFileReference; lastKnownFileType = sourcecode.swift; path = RegistrationController.swift; sourceTree = "<group>"; };
		645A21B62AFDEA7F0001D701 /* AuthService.swift */ = {isa = PBXFileReference; lastKnownFileType = sourcecode.swift; path = AuthService.swift; sourceTree = "<group>"; };
		645A21B82AFDF9520001D701 /* Utilities.swift */ = {isa = PBXFileReference; lastKnownFileType = sourcecode.swift; path = Utilities.swift; sourceTree = "<group>"; };
		646255852ADAC5270057D835 /* CommentCell.swift */ = {isa = PBXFileReference; lastKnownFileType = sourcecode.swift; path = CommentCell.swift; sourceTree = "<group>"; };
		646255882ADADCF30057D835 /* CommentFeedViewController.swift */ = {isa = PBXFileReference; lastKnownFileType = sourcecode.swift; path = CommentFeedViewController.swift; sourceTree = "<group>"; };
		649D94582AB0A5590092BF0D /* Memoir-Mate.app */ = {isa = PBXFileReference; explicitFileType = wrapper.application; includeInIndex = 0; path = "Memoir-Mate.app"; sourceTree = BUILT_PRODUCTS_DIR; };
		649D945B2AB0A5590092BF0D /* AppDelegate.swift */ = {isa = PBXFileReference; lastKnownFileType = sourcecode.swift; path = AppDelegate.swift; sourceTree = "<group>"; };
		649D945D2AB0A5590092BF0D /* SceneDelegate.swift */ = {isa = PBXFileReference; lastKnownFileType = sourcecode.swift; path = SceneDelegate.swift; sourceTree = "<group>"; };
		649D94622AB0A5590092BF0D /* Base */ = {isa = PBXFileReference; lastKnownFileType = file.storyboard; name = Base; path = Base.lproj/Main.storyboard; sourceTree = "<group>"; };
		649D94642AB0A55B0092BF0D /* Assets.xcassets */ = {isa = PBXFileReference; lastKnownFileType = folder.assetcatalog; path = Assets.xcassets; sourceTree = "<group>"; };
		649D94672AB0A55B0092BF0D /* Base */ = {isa = PBXFileReference; lastKnownFileType = file.storyboard; name = Base; path = Base.lproj/LaunchScreen.storyboard; sourceTree = "<group>"; };
		649D94692AB0A55B0092BF0D /* Info.plist */ = {isa = PBXFileReference; lastKnownFileType = text.plist.xml; path = Info.plist; sourceTree = "<group>"; };
		649D947A2AB19E5E0092BF0D /* LoginViewController.swift */ = {isa = PBXFileReference; lastKnownFileType = sourcecode.swift; path = LoginViewController.swift; sourceTree = "<group>"; };
		649D947C2AB19E840092BF0D /* MainTabController.swift */ = {isa = PBXFileReference; lastKnownFileType = sourcecode.swift; path = MainTabController.swift; sourceTree = "<group>"; };
		649D947E2AB19F200092BF0D /* DiaryViewController.swift */ = {isa = PBXFileReference; lastKnownFileType = sourcecode.swift; path = DiaryViewController.swift; sourceTree = "<group>"; };
		649D94802AB1A0EA0092BF0D /* DiaryCommunityFeedViewController.swift */ = {isa = PBXFileReference; lastKnownFileType = sourcecode.swift; path = DiaryCommunityFeedViewController.swift; sourceTree = "<group>"; };
		649D94842AB4169F0092BF0D /* WriteDiaryController.swift */ = {isa = PBXFileReference; lastKnownFileType = sourcecode.swift; path = WriteDiaryController.swift; sourceTree = "<group>"; };
		649D94872AB41CC10092BF0D /* Extentions.swift */ = {isa = PBXFileReference; lastKnownFileType = sourcecode.swift; path = Extentions.swift; sourceTree = "<group>"; };
		649D94892AB41D7B0092BF0D /* InputTextView.swift */ = {isa = PBXFileReference; lastKnownFileType = sourcecode.swift; path = InputTextView.swift; sourceTree = "<group>"; };
		649D948B2AB448B80092BF0D /* Constants.swift */ = {isa = PBXFileReference; lastKnownFileType = sourcecode.swift; path = Constants.swift; sourceTree = "<group>"; };
		649D948D2AB6EF4A0092BF0D /* User.swift */ = {isa = PBXFileReference; lastKnownFileType = sourcecode.swift; path = User.swift; sourceTree = "<group>"; };
		649D94902AB6EFFD0092BF0D /* UserService.swift */ = {isa = PBXFileReference; lastKnownFileType = sourcecode.swift; path = UserService.swift; sourceTree = "<group>"; };
		64AC742B2B0C49C9004C4BBD /* backmain.mp4 */ = {isa = PBXFileReference; lastKnownFileType = file; path = backmain.mp4; sourceTree = "<group>"; };
		64AC742E2B0C5274004C4BBD /* tab2.mp4 */ = {isa = PBXFileReference; lastKnownFileType = file; path = tab2.mp4; sourceTree = "<group>"; };
		64AC742F2B0C5277004C4BBD /* tab2-3.mp4 */ = {isa = PBXFileReference; lastKnownFileType = file; path = "tab2-3.mp4"; sourceTree = "<group>"; };
		64AC74302B0C527B004C4BBD /* tab2-2.mp4 */ = {isa = PBXFileReference; lastKnownFileType = file; path = "tab2-2.mp4"; sourceTree = "<group>"; };
		64BDAA2B2B24990600928E98 /* LandingPageView.swift */ = {isa = PBXFileReference; lastKnownFileType = sourcecode.swift; path = LandingPageView.swift; sourceTree = "<group>"; };
		64BDAA2D2B24B0AC00928E98 /* LandingPageCell.swift */ = {isa = PBXFileReference; lastKnownFileType = sourcecode.swift; path = LandingPageCell.swift; sourceTree = "<group>"; };
		64BE8E362ACFE97D00703410 /* CommunityDiarySelectController.swift */ = {isa = PBXFileReference; lastKnownFileType = sourcecode.swift; path = CommunityDiarySelectController.swift; sourceTree = "<group>"; };
		64BE8E3A2AD2E67800703410 /* Launch.mp4 */ = {isa = PBXFileReference; lastKnownFileType = file; path = Launch.mp4; sourceTree = "<group>"; };
		64D5CA3D2B30357B0073EE0F /* LaunchScreen.mp4 */ = {isa = PBXFileReference; lastKnownFileType = file; name = LaunchScreen.mp4; path = ../LaunchScreen.mp4; sourceTree = "<group>"; };
		64D64F7A2B2EDA1B00189DFE /* GoogleService-Info.plist */ = {isa = PBXFileReference; fileEncoding = 4; lastKnownFileType = text.plist.xml; name = "GoogleService-Info.plist"; path = "Utils/GoogleService-Info.plist"; sourceTree = "<group>"; };
		64E0F5352AF9F6DE00122E4A /* ActionSheetLauncher.swift */ = {isa = PBXFileReference; lastKnownFileType = sourcecode.swift; path = ActionSheetLauncher.swift; sourceTree = "<group>"; };
		64E0F5372AF9F73F00122E4A /* DiaryHeader.swift */ = {isa = PBXFileReference; lastKnownFileType = sourcecode.swift; path = DiaryHeader.swift; sourceTree = "<group>"; };
		64E0F5392AF9F9B100122E4A /* ActionSheetCell.swift */ = {isa = PBXFileReference; lastKnownFileType = sourcecode.swift; path = ActionSheetCell.swift; sourceTree = "<group>"; };
		64E0F53B2AF9F9D700122E4A /* ActionSheetViewModel.swift */ = {isa = PBXFileReference; lastKnownFileType = sourcecode.swift; path = ActionSheetViewModel.swift; sourceTree = "<group>"; };
		64E0F53D2AF9FF8900122E4A /* Notification.swift */ = {isa = PBXFileReference; lastKnownFileType = sourcecode.swift; path = Notification.swift; sourceTree = "<group>"; };
		64E0F53F2AF9FFE200122E4A /* NotificationService.swift */ = {isa = PBXFileReference; lastKnownFileType = sourcecode.swift; path = NotificationService.swift; sourceTree = "<group>"; };
		64E0F5422AFA05F900122E4A /* NotificationsController.swift */ = {isa = PBXFileReference; lastKnownFileType = sourcecode.swift; path = NotificationsController.swift; sourceTree = "<group>"; };
		64E0F5442AFA063700122E4A /* NotificationCell.swift */ = {isa = PBXFileReference; lastKnownFileType = sourcecode.swift; path = NotificationCell.swift; sourceTree = "<group>"; };
		64E0F5462AFA06CD00122E4A /* NotificationViewModel.swift */ = {isa = PBXFileReference; lastKnownFileType = sourcecode.swift; path = NotificationViewModel.swift; sourceTree = "<group>"; };
		64FA49EA2AB7DC7C0007A263 /* DiaryService.swift */ = {isa = PBXFileReference; lastKnownFileType = sourcecode.swift; path = DiaryService.swift; sourceTree = "<group>"; };
		64FA49EC2AB7DDD90007A263 /* UploadDiaryViewModel.swift */ = {isa = PBXFileReference; lastKnownFileType = sourcecode.swift; path = UploadDiaryViewModel.swift; sourceTree = "<group>"; };
		64FA49EE2AB7DF0B0007A263 /* Diary.swift */ = {isa = PBXFileReference; lastKnownFileType = sourcecode.swift; path = Diary.swift; sourceTree = "<group>"; };
		64FA49F02AB80BEF0007A263 /* DiaryCell.swift */ = {isa = PBXFileReference; lastKnownFileType = sourcecode.swift; path = DiaryCell.swift; sourceTree = "<group>"; };
		64FA49F22AB815170007A263 /* DiaryViewModel.swift */ = {isa = PBXFileReference; lastKnownFileType = sourcecode.swift; path = DiaryViewModel.swift; sourceTree = "<group>"; };
		64FA49FE2AB83F490007A263 /* 나눔손글씨 무궁화.ttf */ = {isa = PBXFileReference; lastKnownFileType = file; path = "나눔손글씨 무궁화.ttf"; sourceTree = "<group>"; };
		C3393A76B538D59770AD4234 /* Pods-Memoir-Mate.release.xcconfig */ = {isa = PBXFileReference; includeInIndex = 1; lastKnownFileType = text.xcconfig; name = "Pods-Memoir-Mate.release.xcconfig"; path = "Target Support Files/Pods-Memoir-Mate/Pods-Memoir-Mate.release.xcconfig"; sourceTree = "<group>"; };
		CD75905DB84546C8A59E468C /* Pods_Memoir_Mate.framework */ = {isa = PBXFileReference; explicitFileType = wrapper.framework; includeInIndex = 0; path = Pods_Memoir_Mate.framework; sourceTree = BUILT_PRODUCTS_DIR; };
/* End PBXFileReference section */

/* Begin PBXFrameworksBuildPhase section */
		649D94552AB0A5590092BF0D /* Frameworks */ = {
			isa = PBXFrameworksBuildPhase;
			buildActionMask = 2147483647;
			files = (
				AB19DA4ACF04F045E70B1060 /* Pods_Memoir_Mate.framework in Frameworks */,
			);
			runOnlyForDeploymentPostprocessing = 0;
		};
/* End PBXFrameworksBuildPhase section */

/* Begin PBXGroup section */
		6401686E2AF20A9900CBE131 /* Cell */ = {
			isa = PBXGroup;
			children = (
				6401687A2AF219C400CBE131 /* Profile */,
				649D94892AB41D7B0092BF0D /* InputTextView.swift */,
				646255852ADAC5270057D835 /* CommentCell.swift */,
				64FA49F02AB80BEF0007A263 /* DiaryCell.swift */,
				640168732AF20C3300CBE131 /* UserCell.swift */,
				64E0F5372AF9F73F00122E4A /* DiaryHeader.swift */,
				64E0F5392AF9F9B100122E4A /* ActionSheetCell.swift */,
			);
			path = Cell;
			sourceTree = "<group>";
		};
		6401686F2AF20AB100CBE131 /* App */ = {
			isa = PBXGroup;
			children = (
				649D945B2AB0A5590092BF0D /* AppDelegate.swift */,
				649D945D2AB0A5590092BF0D /* SceneDelegate.swift */,
				649D94612AB0A5590092BF0D /* Main.storyboard */,
				649D94662AB0A55B0092BF0D /* LaunchScreen.storyboard */,
				649D94642AB0A55B0092BF0D /* Assets.xcassets */,
			);
			path = App;
			sourceTree = "<group>";
		};
		640168702AF20B0400CBE131 /* Search */ = {
			isa = PBXGroup;
			children = (
				640168712AF20B1E00CBE131 /* SearchController.swift */,
			);
			path = Search;
			sourceTree = "<group>";
		};
		640168752AF2149700CBE131 /* Profile */ = {
			isa = PBXGroup;
			children = (
				640168762AF214A400CBE131 /* ProfileController.swift */,
				641BDDA62B00AE0C003F81B9 /* EditProfileController.swift */,
			);
			path = Profile;
			sourceTree = "<group>";
		};
		6401687A2AF219C400CBE131 /* Profile */ = {
			isa = PBXGroup;
			children = (
				6401687B2AF219DE00CBE131 /* ProfileHeader.swift */,
				6401687D2AF21A0900CBE131 /* ProfileFilterView.swift */,
				6401687F2AF21A5300CBE131 /* ProfileFilterCell.swift */,
				641BDDA82B00AE74003F81B9 /* EditProfileFooter.swift */,
				641BDDAA2B00AEFA003F81B9 /* EditProfileHeader.swift */,
				641BDDAE2B00AFD2003F81B9 /* EditProfileCell.swift */,
			);
			path = Profile;
			sourceTree = "<group>";
		};
		6448F8682B0C6AEA00C73009 /* mp4 Background */ = {
			isa = PBXGroup;
			children = (
				64D5CA3D2B30357B0073EE0F /* LaunchScreen.mp4 */,
				6448F8662B0C6ABD00C73009 /* oceanback.mp4 */,
				64AC742E2B0C5274004C4BBD /* tab2.mp4 */,
				64AC74302B0C527B004C4BBD /* tab2-2.mp4 */,
				64AC742F2B0C5277004C4BBD /* tab2-3.mp4 */,
				64AC742B2B0C49C9004C4BBD /* backmain.mp4 */,
				6427AB9C2B0BA85900720002 /* sky.mp4 */,
				64BE8E3A2AD2E67800703410 /* Launch.mp4 */,
				642135622AC3BA1E00E6E02D /* back3.mp4 */,
			);
			path = "mp4 Background";
			sourceTree = "<group>";
		};
		646255872ADAD1DB0057D835 /* Comment */ = {
			isa = PBXGroup;
			children = (
				646255882ADADCF30057D835 /* CommentFeedViewController.swift */,
				643260D42ADBBA5800A047B1 /* CommentBottomTextView.swift */,
			);
			path = Comment;
			sourceTree = "<group>";
		};
		649D944F2AB0A5590092BF0D = {
			isa = PBXGroup;
			children = (
				6448F8682B0C6AEA00C73009 /* mp4 Background */,
				649D945A2AB0A5590092BF0D /* Memoir-Mate */,
				649D94592AB0A5590092BF0D /* Products */,
				71020CBAD3141C93DB0C947E /* Pods */,
				C578B6722C4B6743A3333214 /* Frameworks */,
			);
			sourceTree = "<group>";
		};
		649D94592AB0A5590092BF0D /* Products */ = {
			isa = PBXGroup;
			children = (
				649D94582AB0A5590092BF0D /* Memoir-Mate.app */,
			);
			name = Products;
			sourceTree = "<group>";
		};
		649D945A2AB0A5590092BF0D /* Memoir-Mate */ = {
			isa = PBXGroup;
			children = (
				6401686F2AF20AB100CBE131 /* App */,
				649D94772AB19D340092BF0D /* View */,
				649D94762AB19D220092BF0D /* ViewModel */,
				649D94752AB19C280092BF0D /* Model */,
				649D94692AB0A55B0092BF0D /* Info.plist */,
				64D64F7A2B2EDA1B00189DFE /* GoogleService-Info.plist */,
				649D948F2AB6EFD30092BF0D /* API */,
				649D94862AB41C9F0092BF0D /* Utils */,
			);
			path = "Memoir-Mate";
			sourceTree = "<group>";
		};
		649D94752AB19C280092BF0D /* Model */ = {
			isa = PBXGroup;
			children = (
				64FA49EE2AB7DF0B0007A263 /* Diary.swift */,
				64E0F53D2AF9FF8900122E4A /* Notification.swift */,
			);
			path = Model;
			sourceTree = "<group>";
		};
		649D94762AB19D220092BF0D /* ViewModel */ = {
			isa = PBXGroup;
			children = (
				64FA49EC2AB7DDD90007A263 /* UploadDiaryViewModel.swift */,
				649D948D2AB6EF4A0092BF0D /* User.swift */,
				64FA49F22AB815170007A263 /* DiaryViewModel.swift */,
				640168782AF2151200CBE131 /* ProfileHeaderViewModel.swift */,
				64E0F53B2AF9F9D700122E4A /* ActionSheetViewModel.swift */,
				64E0F5462AFA06CD00122E4A /* NotificationViewModel.swift */,
				641BDDAC2B00AF75003F81B9 /* EditProfileViewModel.swift */,
			);
			path = ViewModel;
			sourceTree = "<group>";
		};
		649D94772AB19D340092BF0D /* View */ = {
			isa = PBXGroup;
			children = (
				64BDAA2A2B2498D300928E98 /* LandingPage */,
				6401686E2AF20A9900CBE131 /* Cell */,
				649D94782AB19D4D0092BF0D /* Controller */,
			);
			path = View;
			sourceTree = "<group>";
		};
		649D94782AB19D4D0092BF0D /* Controller */ = {
			isa = PBXGroup;
			children = (
				64E0F5412AFA05D300122E4A /* Notification */,
				640168752AF2149700CBE131 /* Profile */,
				640168702AF20B0400CBE131 /* Search */,
				64BE8E392ACFE9B200703410 /* PersonalDiary */,
				64BE8E382ACFE98500703410 /* Community */,
				649D94792AB19E400092BF0D /* Login */,
				649D947C2AB19E840092BF0D /* MainTabController.swift */,
			);
			path = Controller;
			sourceTree = "<group>";
		};
		649D94792AB19E400092BF0D /* Login */ = {
			isa = PBXGroup;
			children = (
				649D947A2AB19E5E0092BF0D /* LoginViewController.swift */,
				645A21B42AFDEA440001D701 /* RegistrationController.swift */,
				645A21B82AFDF9520001D701 /* Utilities.swift */,
			);
			path = Login;
			sourceTree = "<group>";
		};
		649D94862AB41C9F0092BF0D /* Utils */ = {
			isa = PBXGroup;
			children = (
				64FA49F42AB833780007A263 /* Fonts */,
				649D94872AB41CC10092BF0D /* Extentions.swift */,
				649D948B2AB448B80092BF0D /* Constants.swift */,
				64E0F5352AF9F6DE00122E4A /* ActionSheetLauncher.swift */,
			);
			path = Utils;
			sourceTree = "<group>";
		};
		649D948F2AB6EFD30092BF0D /* API */ = {
			isa = PBXGroup;
			children = (
				649D94902AB6EFFD0092BF0D /* UserService.swift */,
				64FA49EA2AB7DC7C0007A263 /* DiaryService.swift */,
				64E0F53F2AF9FFE200122E4A /* NotificationService.swift */,
				645A21B62AFDEA7F0001D701 /* AuthService.swift */,
			);
			path = API;
			sourceTree = "<group>";
		};
		64BDAA2A2B2498D300928E98 /* LandingPage */ = {
			isa = PBXGroup;
			children = (
				64BDAA2B2B24990600928E98 /* LandingPageView.swift */,
				64BDAA2D2B24B0AC00928E98 /* LandingPageCell.swift */,
			);
			path = LandingPage;
			sourceTree = "<group>";
		};
		64BE8E382ACFE98500703410 /* Community */ = {
			isa = PBXGroup;
			children = (
				646255872ADAD1DB0057D835 /* Comment */,
				649D94802AB1A0EA0092BF0D /* DiaryCommunityFeedViewController.swift */,
				64BE8E362ACFE97D00703410 /* CommunityDiarySelectController.swift */,
				6441F8582ACE8ACB000C3FD0 /* CommunityCell.swift */,
			);
			path = Community;
			sourceTree = "<group>";
		};
		64BE8E392ACFE9B200703410 /* PersonalDiary */ = {
			isa = PBXGroup;
			children = (
				649D947E2AB19F200092BF0D /* DiaryViewController.swift */,
				649D94842AB4169F0092BF0D /* WriteDiaryController.swift */,
			);
			path = PersonalDiary;
			sourceTree = "<group>";
		};
		64E0F5412AFA05D300122E4A /* Notification */ = {
			isa = PBXGroup;
			children = (
				64E0F5422AFA05F900122E4A /* NotificationsController.swift */,
				64E0F5442AFA063700122E4A /* NotificationCell.swift */,
			);
			path = Notification;
			sourceTree = "<group>";
		};
		64FA49F42AB833780007A263 /* Fonts */ = {
			isa = PBXGroup;
			children = (
				64FA49FE2AB83F490007A263 /* 나눔손글씨 무궁화.ttf */,
			);
			path = Fonts;
			sourceTree = "<group>";
		};
		71020CBAD3141C93DB0C947E /* Pods */ = {
			isa = PBXGroup;
			children = (
				511CF1AF3192634CF689C053 /* Pods-Memoir-Mate.debug.xcconfig */,
				C3393A76B538D59770AD4234 /* Pods-Memoir-Mate.release.xcconfig */,
			);
			path = Pods;
			sourceTree = "<group>";
		};
		C578B6722C4B6743A3333214 /* Frameworks */ = {
			isa = PBXGroup;
			children = (
				CD75905DB84546C8A59E468C /* Pods_Memoir_Mate.framework */,
			);
			name = Frameworks;
			sourceTree = "<group>";
		};
/* End PBXGroup section */

/* Begin PBXNativeTarget section */
		649D94572AB0A5590092BF0D /* Memoir-Mate */ = {
			isa = PBXNativeTarget;
			buildConfigurationList = 649D946C2AB0A55B0092BF0D /* Build configuration list for PBXNativeTarget "Memoir-Mate" */;
			buildPhases = (
				E46A2977CE79FA4431C16C54 /* [CP] Check Pods Manifest.lock */,
				649D94542AB0A5590092BF0D /* Sources */,
				649D94552AB0A5590092BF0D /* Frameworks */,
				649D94562AB0A5590092BF0D /* Resources */,
				37F62DFF67ED0FA9DAE64679 /* [CP] Embed Pods Frameworks */,
			);
			buildRules = (
			);
			dependencies = (
			);
			name = "Memoir-Mate";
			productName = "Memoir-Mate";
			productReference = 649D94582AB0A5590092BF0D /* Memoir-Mate.app */;
			productType = "com.apple.product-type.application";
		};
/* End PBXNativeTarget section */

/* Begin PBXProject section */
		649D94502AB0A5590092BF0D /* Project object */ = {
			isa = PBXProject;
			attributes = {
				BuildIndependentTargetsInParallel = 1;
				LastSwiftUpdateCheck = 1430;
				LastUpgradeCheck = 1430;
				TargetAttributes = {
					649D94572AB0A5590092BF0D = {
						CreatedOnToolsVersion = 14.3.1;
					};
				};
			};
			buildConfigurationList = 649D94532AB0A5590092BF0D /* Build configuration list for PBXProject "Memoir-Mate" */;
			compatibilityVersion = "Xcode 14.0";
			developmentRegion = en;
			hasScannedForEncodings = 0;
			knownRegions = (
				en,
				Base,
			);
			mainGroup = 649D944F2AB0A5590092BF0D;
			productRefGroup = 649D94592AB0A5590092BF0D /* Products */;
			projectDirPath = "";
			projectRoot = "";
			targets = (
				649D94572AB0A5590092BF0D /* Memoir-Mate */,
			);
		};
/* End PBXProject section */

/* Begin PBXResourcesBuildPhase section */
		649D94562AB0A5590092BF0D /* Resources */ = {
			isa = PBXResourcesBuildPhase;
			buildActionMask = 2147483647;
			files = (
				6448F8692B0C6B7E00C73009 /* oceanback.mp4 in Resources */,
				6448F86A2B0C6B7E00C73009 /* tab2.mp4 in Resources */,
				6448F86B2B0C6B7E00C73009 /* tab2-2.mp4 in Resources */,
				6448F86C2B0C6B7E00C73009 /* tab2-3.mp4 in Resources */,
				6448F86D2B0C6B7E00C73009 /* backmain.mp4 in Resources */,
				6448F86E2B0C6B7E00C73009 /* sky.mp4 in Resources */,
				649D94682AB0A55B0092BF0D /* LaunchScreen.storyboard in Resources */,
				649D94652AB0A55B0092BF0D /* Assets.xcassets in Resources */,
				64D64F7B2B2EDA1B00189DFE /* GoogleService-Info.plist in Resources */,
				649D94632AB0A5590092BF0D /* Main.storyboard in Resources */,
				64FA49FF2AB83F4A0007A263 /* 나눔손글씨 무궁화.ttf in Resources */,
				64D5CA3E2B30357B0073EE0F /* LaunchScreen.mp4 in Resources */,
			);
			runOnlyForDeploymentPostprocessing = 0;
		};
/* End PBXResourcesBuildPhase section */

/* Begin PBXShellScriptBuildPhase section */
		37F62DFF67ED0FA9DAE64679 /* [CP] Embed Pods Frameworks */ = {
			isa = PBXShellScriptBuildPhase;
			buildActionMask = 2147483647;
			files = (
			);
			inputFileListPaths = (
				"${PODS_ROOT}/Target Support Files/Pods-Memoir-Mate/Pods-Memoir-Mate-frameworks-${CONFIGURATION}-input-files.xcfilelist",
			);
			name = "[CP] Embed Pods Frameworks";
			outputFileListPaths = (
				"${PODS_ROOT}/Target Support Files/Pods-Memoir-Mate/Pods-Memoir-Mate-frameworks-${CONFIGURATION}-output-files.xcfilelist",
			);
			runOnlyForDeploymentPostprocessing = 0;
			shellPath = /bin/sh;
			shellScript = "\"${PODS_ROOT}/Target Support Files/Pods-Memoir-Mate/Pods-Memoir-Mate-frameworks.sh\"\n";
			showEnvVarsInLog = 0;
		};
		E46A2977CE79FA4431C16C54 /* [CP] Check Pods Manifest.lock */ = {
			isa = PBXShellScriptBuildPhase;
			buildActionMask = 2147483647;
			files = (
			);
			inputFileListPaths = (
			);
			inputPaths = (
				"${PODS_PODFILE_DIR_PATH}/Podfile.lock",
				"${PODS_ROOT}/Manifest.lock",
			);
			name = "[CP] Check Pods Manifest.lock";
			outputFileListPaths = (
			);
			outputPaths = (
				"$(DERIVED_FILE_DIR)/Pods-Memoir-Mate-checkManifestLockResult.txt",
			);
			runOnlyForDeploymentPostprocessing = 0;
			shellPath = /bin/sh;
			shellScript = "diff \"${PODS_PODFILE_DIR_PATH}/Podfile.lock\" \"${PODS_ROOT}/Manifest.lock\" > /dev/null\nif [ $? != 0 ] ; then\n    # print error to STDERR\n    echo \"error: The sandbox is not in sync with the Podfile.lock. Run 'pod install' or update your CocoaPods installation.\" >&2\n    exit 1\nfi\n# This output is used by Xcode 'outputs' to avoid re-running this script phase.\necho \"SUCCESS\" > \"${SCRIPT_OUTPUT_FILE_0}\"\n";
			showEnvVarsInLog = 0;
		};
/* End PBXShellScriptBuildPhase section */

/* Begin PBXSourcesBuildPhase section */
		649D94542AB0A5590092BF0D /* Sources */ = {
			isa = PBXSourcesBuildPhase;
			buildActionMask = 2147483647;
			files = (
				640168772AF214A400CBE131 /* ProfileController.swift in Sources */,
				64FA49EB2AB7DC7C0007A263 /* DiaryService.swift in Sources */,
				649D948C2AB448B80092BF0D /* Constants.swift in Sources */,
				641BDDAF2B00AFD2003F81B9 /* EditProfileCell.swift in Sources */,
				646255892ADADCF30057D835 /* CommentFeedViewController.swift in Sources */,
				649D947B2AB19E5E0092BF0D /* LoginViewController.swift in Sources */,
				640168802AF21A5300CBE131 /* ProfileFilterCell.swift in Sources */,
				64BE8E372ACFE97D00703410 /* CommunityDiarySelectController.swift in Sources */,
				645A21B72AFDEA7F0001D701 /* AuthService.swift in Sources */,
				645A21B92AFDF9520001D701 /* Utilities.swift in Sources */,
				64BDAA2E2B24B0AC00928E98 /* LandingPageCell.swift in Sources */,
				64E0F53A2AF9F9B100122E4A /* ActionSheetCell.swift in Sources */,
				649D945C2AB0A5590092BF0D /* AppDelegate.swift in Sources */,
				649D94812AB1A0EA0092BF0D /* DiaryCommunityFeedViewController.swift in Sources */,
				64FA49F32AB815170007A263 /* DiaryViewModel.swift in Sources */,
				649D947F2AB19F200092BF0D /* DiaryViewController.swift in Sources */,
				649D94912AB6EFFD0092BF0D /* UserService.swift in Sources */,
				649D94852AB416A00092BF0D /* WriteDiaryController.swift in Sources */,
				64BDAA2C2B24990600928E98 /* LandingPageView.swift in Sources */,
				649D948A2AB41D7B0092BF0D /* InputTextView.swift in Sources */,
				64E0F5382AF9F73F00122E4A /* DiaryHeader.swift in Sources */,
				641BDDAB2B00AEFA003F81B9 /* EditProfileHeader.swift in Sources */,
				64E0F53E2AF9FF8900122E4A /* Notification.swift in Sources */,
				640168792AF2151200CBE131 /* ProfileHeaderViewModel.swift in Sources */,
				6441F8592ACE8ACB000C3FD0 /* CommunityCell.swift in Sources */,
				640168742AF20C3300CBE131 /* UserCell.swift in Sources */,
				6401687E2AF21A0900CBE131 /* ProfileFilterView.swift in Sources */,
				641BDDA72B00AE0C003F81B9 /* EditProfileController.swift in Sources */,
				646255862ADAC5270057D835 /* CommentCell.swift in Sources */,
				649D948E2AB6EF4A0092BF0D /* User.swift in Sources */,
				64E0F5402AF9FFE200122E4A /* NotificationService.swift in Sources */,
				64FA49ED2AB7DDD90007A263 /* UploadDiaryViewModel.swift in Sources */,
				645A21B52AFDEA440001D701 /* RegistrationController.swift in Sources */,
				649D947D2AB19E840092BF0D /* MainTabController.swift in Sources */,
				64FA49F12AB80BEF0007A263 /* DiaryCell.swift in Sources */,
				64E0F53C2AF9F9D700122E4A /* ActionSheetViewModel.swift in Sources */,
				649D945E2AB0A5590092BF0D /* SceneDelegate.swift in Sources */,
				641BDDA92B00AE74003F81B9 /* EditProfileFooter.swift in Sources */,
				640168722AF20B1E00CBE131 /* SearchController.swift in Sources */,
				64E0F5432AFA05F900122E4A /* NotificationsController.swift in Sources */,
				649D94882AB41CC10092BF0D /* Extentions.swift in Sources */,
				643260D52ADBBA5800A047B1 /* CommentBottomTextView.swift in Sources */,
				64FA49EF2AB7DF0B0007A263 /* Diary.swift in Sources */,
				64E0F5452AFA063700122E4A /* NotificationCell.swift in Sources */,
				6401687C2AF219DE00CBE131 /* ProfileHeader.swift in Sources */,
				641BDDAD2B00AF75003F81B9 /* EditProfileViewModel.swift in Sources */,
				64E0F5362AF9F6DF00122E4A /* ActionSheetLauncher.swift in Sources */,
				64E0F5472AFA06CD00122E4A /* NotificationViewModel.swift in Sources */,
			);
			runOnlyForDeploymentPostprocessing = 0;
		};
/* End PBXSourcesBuildPhase section */

/* Begin PBXVariantGroup section */
		649D94612AB0A5590092BF0D /* Main.storyboard */ = {
			isa = PBXVariantGroup;
			children = (
				649D94622AB0A5590092BF0D /* Base */,
			);
			name = Main.storyboard;
			sourceTree = "<group>";
		};
		649D94662AB0A55B0092BF0D /* LaunchScreen.storyboard */ = {
			isa = PBXVariantGroup;
			children = (
				649D94672AB0A55B0092BF0D /* Base */,
			);
			name = LaunchScreen.storyboard;
			sourceTree = "<group>";
		};
/* End PBXVariantGroup section */

/* Begin XCBuildConfiguration section */
		649D946A2AB0A55B0092BF0D /* Debug */ = {
			isa = XCBuildConfiguration;
			buildSettings = {
				ALWAYS_SEARCH_USER_PATHS = NO;
				CLANG_ANALYZER_NONNULL = YES;
				CLANG_ANALYZER_NUMBER_OBJECT_CONVERSION = YES_AGGRESSIVE;
				CLANG_CXX_LANGUAGE_STANDARD = "gnu++20";
				CLANG_ENABLE_MODULES = YES;
				CLANG_ENABLE_OBJC_ARC = YES;
				CLANG_ENABLE_OBJC_WEAK = YES;
				CLANG_WARN_BLOCK_CAPTURE_AUTORELEASING = YES;
				CLANG_WARN_BOOL_CONVERSION = YES;
				CLANG_WARN_COMMA = YES;
				CLANG_WARN_CONSTANT_CONVERSION = YES;
				CLANG_WARN_DEPRECATED_OBJC_IMPLEMENTATIONS = YES;
				CLANG_WARN_DIRECT_OBJC_ISA_USAGE = YES_ERROR;
				CLANG_WARN_DOCUMENTATION_COMMENTS = YES;
				CLANG_WARN_EMPTY_BODY = YES;
				CLANG_WARN_ENUM_CONVERSION = YES;
				CLANG_WARN_INFINITE_RECURSION = YES;
				CLANG_WARN_INT_CONVERSION = YES;
				CLANG_WARN_NON_LITERAL_NULL_CONVERSION = YES;
				CLANG_WARN_OBJC_IMPLICIT_RETAIN_SELF = YES;
				CLANG_WARN_OBJC_LITERAL_CONVERSION = YES;
				CLANG_WARN_OBJC_ROOT_CLASS = YES_ERROR;
				CLANG_WARN_QUOTED_INCLUDE_IN_FRAMEWORK_HEADER = YES;
				CLANG_WARN_RANGE_LOOP_ANALYSIS = YES;
				CLANG_WARN_STRICT_PROTOTYPES = YES;
				CLANG_WARN_SUSPICIOUS_MOVE = YES;
				CLANG_WARN_UNGUARDED_AVAILABILITY = YES_AGGRESSIVE;
				CLANG_WARN_UNREACHABLE_CODE = YES;
				CLANG_WARN__DUPLICATE_METHOD_MATCH = YES;
				COPY_PHASE_STRIP = NO;
				DEBUG_INFORMATION_FORMAT = dwarf;
				ENABLE_STRICT_OBJC_MSGSEND = YES;
				ENABLE_TESTABILITY = YES;
				GCC_C_LANGUAGE_STANDARD = gnu11;
				GCC_DYNAMIC_NO_PIC = NO;
				GCC_NO_COMMON_BLOCKS = YES;
				GCC_OPTIMIZATION_LEVEL = 0;
				GCC_PREPROCESSOR_DEFINITIONS = (
					"DEBUG=1",
					"$(inherited)",
				);
				GCC_WARN_64_TO_32_BIT_CONVERSION = YES;
				GCC_WARN_ABOUT_RETURN_TYPE = YES_ERROR;
				GCC_WARN_UNDECLARED_SELECTOR = YES;
				GCC_WARN_UNINITIALIZED_AUTOS = YES_AGGRESSIVE;
				GCC_WARN_UNUSED_FUNCTION = YES;
				GCC_WARN_UNUSED_VARIABLE = YES;
				IPHONEOS_DEPLOYMENT_TARGET = 15.0;
				MTL_ENABLE_DEBUG_INFO = INCLUDE_SOURCE;
				MTL_FAST_MATH = YES;
				ONLY_ACTIVE_ARCH = YES;
				SDKROOT = iphoneos;
				SWIFT_ACTIVE_COMPILATION_CONDITIONS = DEBUG;
				SWIFT_OPTIMIZATION_LEVEL = "-Onone";
			};
			name = Debug;
		};
		649D946B2AB0A55B0092BF0D /* Release */ = {
			isa = XCBuildConfiguration;
			buildSettings = {
				ALWAYS_SEARCH_USER_PATHS = NO;
				CLANG_ANALYZER_NONNULL = YES;
				CLANG_ANALYZER_NUMBER_OBJECT_CONVERSION = YES_AGGRESSIVE;
				CLANG_CXX_LANGUAGE_STANDARD = "gnu++20";
				CLANG_ENABLE_MODULES = YES;
				CLANG_ENABLE_OBJC_ARC = YES;
				CLANG_ENABLE_OBJC_WEAK = YES;
				CLANG_WARN_BLOCK_CAPTURE_AUTORELEASING = YES;
				CLANG_WARN_BOOL_CONVERSION = YES;
				CLANG_WARN_COMMA = YES;
				CLANG_WARN_CONSTANT_CONVERSION = YES;
				CLANG_WARN_DEPRECATED_OBJC_IMPLEMENTATIONS = YES;
				CLANG_WARN_DIRECT_OBJC_ISA_USAGE = YES_ERROR;
				CLANG_WARN_DOCUMENTATION_COMMENTS = YES;
				CLANG_WARN_EMPTY_BODY = YES;
				CLANG_WARN_ENUM_CONVERSION = YES;
				CLANG_WARN_INFINITE_RECURSION = YES;
				CLANG_WARN_INT_CONVERSION = YES;
				CLANG_WARN_NON_LITERAL_NULL_CONVERSION = YES;
				CLANG_WARN_OBJC_IMPLICIT_RETAIN_SELF = YES;
				CLANG_WARN_OBJC_LITERAL_CONVERSION = YES;
				CLANG_WARN_OBJC_ROOT_CLASS = YES_ERROR;
				CLANG_WARN_QUOTED_INCLUDE_IN_FRAMEWORK_HEADER = YES;
				CLANG_WARN_RANGE_LOOP_ANALYSIS = YES;
				CLANG_WARN_STRICT_PROTOTYPES = YES;
				CLANG_WARN_SUSPICIOUS_MOVE = YES;
				CLANG_WARN_UNGUARDED_AVAILABILITY = YES_AGGRESSIVE;
				CLANG_WARN_UNREACHABLE_CODE = YES;
				CLANG_WARN__DUPLICATE_METHOD_MATCH = YES;
				COPY_PHASE_STRIP = NO;
				DEBUG_INFORMATION_FORMAT = "dwarf-with-dsym";
				ENABLE_NS_ASSERTIONS = NO;
				ENABLE_STRICT_OBJC_MSGSEND = YES;
				GCC_C_LANGUAGE_STANDARD = gnu11;
				GCC_NO_COMMON_BLOCKS = YES;
				GCC_WARN_64_TO_32_BIT_CONVERSION = YES;
				GCC_WARN_ABOUT_RETURN_TYPE = YES_ERROR;
				GCC_WARN_UNDECLARED_SELECTOR = YES;
				GCC_WARN_UNINITIALIZED_AUTOS = YES_AGGRESSIVE;
				GCC_WARN_UNUSED_FUNCTION = YES;
				GCC_WARN_UNUSED_VARIABLE = YES;
				IPHONEOS_DEPLOYMENT_TARGET = 15.0;
				MTL_ENABLE_DEBUG_INFO = NO;
				MTL_FAST_MATH = YES;
				SDKROOT = iphoneos;
				SWIFT_COMPILATION_MODE = wholemodule;
				SWIFT_OPTIMIZATION_LEVEL = "-O";
				VALIDATE_PRODUCT = YES;
			};
			name = Release;
		};
		649D946D2AB0A55B0092BF0D /* Debug */ = {
			isa = XCBuildConfiguration;
			baseConfigurationReference = 511CF1AF3192634CF689C053 /* Pods-Memoir-Mate.debug.xcconfig */;
			buildSettings = {
				ASSETCATALOG_COMPILER_APPICON_NAME = AppIcon;
				ASSETCATALOG_COMPILER_GLOBAL_ACCENT_COLOR_NAME = AccentColor;
				CODE_SIGN_ENTITLEMENTS = "Memoir-Mate/Memoir-Mate.entitlements";
				CODE_SIGN_IDENTITY = "Apple Development";
				CODE_SIGN_STYLE = Automatic;
				CURRENT_PROJECT_VERSION = 1;
				DEVELOPMENT_TEAM = 9S8KMMC3YH;
				GENERATE_INFOPLIST_FILE = YES;
				INFOPLIST_FILE = "Memoir-Mate/Info.plist";
				INFOPLIST_KEY_UIApplicationSupportsIndirectInputEvents = YES;
				INFOPLIST_KEY_UILaunchStoryboardName = LaunchScreen;
				INFOPLIST_KEY_UIMainStoryboardFile = Main;
				INFOPLIST_KEY_UISupportedInterfaceOrientations = UIInterfaceOrientationPortrait;
				LD_RUNPATH_SEARCH_PATHS = (
					"$(inherited)",
					"@executable_path/Frameworks",
				);
				MARKETING_VERSION = 1.0;
				PRODUCT_BUNDLE_IDENTIFIER = "com.woogie.Memoir-Mate";
				PRODUCT_NAME = "$(TARGET_NAME)";
				PROVISIONING_PROFILE_SPECIFIER = "";
				SWIFT_EMIT_LOC_STRINGS = YES;
				SWIFT_VERSION = 5.0;
				TARGETED_DEVICE_FAMILY = "1,2";
			};
			name = Debug;
		};
		649D946E2AB0A55B0092BF0D /* Release */ = {
			isa = XCBuildConfiguration;
			baseConfigurationReference = C3393A76B538D59770AD4234 /* Pods-Memoir-Mate.release.xcconfig */;
			buildSettings = {
				ASSETCATALOG_COMPILER_APPICON_NAME = AppIcon;
				ASSETCATALOG_COMPILER_GLOBAL_ACCENT_COLOR_NAME = AccentColor;
				CODE_SIGN_ENTITLEMENTS = "Memoir-Mate/Memoir-Mate.entitlements";
				CODE_SIGN_IDENTITY = "Apple Development";
				CODE_SIGN_STYLE = Automatic;
				CURRENT_PROJECT_VERSION = 1;
				DEVELOPMENT_TEAM = 9S8KMMC3YH;
				GENERATE_INFOPLIST_FILE = YES;
				INFOPLIST_FILE = "Memoir-Mate/Info.plist";
				INFOPLIST_KEY_UIApplicationSupportsIndirectInputEvents = YES;
				INFOPLIST_KEY_UILaunchStoryboardName = LaunchScreen;
				INFOPLIST_KEY_UIMainStoryboardFile = Main;
				INFOPLIST_KEY_UISupportedInterfaceOrientations = UIInterfaceOrientationPortrait;
				LD_RUNPATH_SEARCH_PATHS = (
					"$(inherited)",
					"@executable_path/Frameworks",
				);
				MARKETING_VERSION = 1.0;
				PRODUCT_BUNDLE_IDENTIFIER = "com.woogie.Memoir-Mate";
				PRODUCT_NAME = "$(TARGET_NAME)";
				PROVISIONING_PROFILE_SPECIFIER = "";
				SWIFT_EMIT_LOC_STRINGS = YES;
				SWIFT_VERSION = 5.0;
				TARGETED_DEVICE_FAMILY = "1,2";
			};
			name = Release;
		};
/* End XCBuildConfiguration section */

/* Begin XCConfigurationList section */
		649D94532AB0A5590092BF0D /* Build configuration list for PBXProject "Memoir-Mate" */ = {
			isa = XCConfigurationList;
			buildConfigurations = (
				649D946A2AB0A55B0092BF0D /* Debug */,
				649D946B2AB0A55B0092BF0D /* Release */,
			);
			defaultConfigurationIsVisible = 0;
			defaultConfigurationName = Release;
		};
		649D946C2AB0A55B0092BF0D /* Build configuration list for PBXNativeTarget "Memoir-Mate" */ = {
			isa = XCConfigurationList;
			buildConfigurations = (
				649D946D2AB0A55B0092BF0D /* Debug */,
				649D946E2AB0A55B0092BF0D /* Release */,
			);
			defaultConfigurationIsVisible = 0;
			defaultConfigurationName = Release;
		};
/* End XCConfigurationList section */
	};
	rootObject = 649D94502AB0A5590092BF0D /* Project object */;
}
