// !$*UTF8*$!
{
	archiveVersion = 1;
	classes = {
	};
	objectVersion = 56;
	objects = {

/* Begin PBXBuildFile section */
		642135632AC3BA1E00E6E02D /* back3.mp4 in Resources */ = {isa = PBXBuildFile; fileRef = 642135622AC3BA1E00E6E02D /* back3.mp4 */; };
		649D945C2AB0A5590092BF0D /* AppDelegate.swift in Sources */ = {isa = PBXBuildFile; fileRef = 649D945B2AB0A5590092BF0D /* AppDelegate.swift */; };
		649D945E2AB0A5590092BF0D /* SceneDelegate.swift in Sources */ = {isa = PBXBuildFile; fileRef = 649D945D2AB0A5590092BF0D /* SceneDelegate.swift */; };
		649D94632AB0A5590092BF0D /* Main.storyboard in Resources */ = {isa = PBXBuildFile; fileRef = 649D94612AB0A5590092BF0D /* Main.storyboard */; };
		649D94652AB0A55B0092BF0D /* Assets.xcassets in Resources */ = {isa = PBXBuildFile; fileRef = 649D94642AB0A55B0092BF0D /* Assets.xcassets */; };
		649D94682AB0A55B0092BF0D /* LaunchScreen.storyboard in Resources */ = {isa = PBXBuildFile; fileRef = 649D94662AB0A55B0092BF0D /* LaunchScreen.storyboard */; };
		649D94742AB192210092BF0D /* GoogleService-Info.plist in Resources */ = {isa = PBXBuildFile; fileRef = 649D94732AB192210092BF0D /* GoogleService-Info.plist */; };
		649D947B2AB19E5E0092BF0D /* LoginViewController.swift in Sources */ = {isa = PBXBuildFile; fileRef = 649D947A2AB19E5E0092BF0D /* LoginViewController.swift */; };
		649D947D2AB19E840092BF0D /* MainTabController.swift in Sources */ = {isa = PBXBuildFile; fileRef = 649D947C2AB19E840092BF0D /* MainTabController.swift */; };
		649D947F2AB19F200092BF0D /* DiaryViewController.swift in Sources */ = {isa = PBXBuildFile; fileRef = 649D947E2AB19F200092BF0D /* DiaryViewController.swift */; };
		649D94812AB1A0EA0092BF0D /* DiaryCommunityFeedViewController.swift in Sources */ = {isa = PBXBuildFile; fileRef = 649D94802AB1A0EA0092BF0D /* DiaryCommunityFeedViewController.swift */; };
		649D94832AB1A6550092BF0D /* UserListViewController.swift in Sources */ = {isa = PBXBuildFile; fileRef = 649D94822AB1A6550092BF0D /* UserListViewController.swift */; };
		649D94852AB416A00092BF0D /* WriteDiaryController.swift in Sources */ = {isa = PBXBuildFile; fileRef = 649D94842AB4169F0092BF0D /* WriteDiaryController.swift */; };
		649D94882AB41CC10092BF0D /* Extentions.swift in Sources */ = {isa = PBXBuildFile; fileRef = 649D94872AB41CC10092BF0D /* Extentions.swift */; };
		649D948A2AB41D7B0092BF0D /* InputTextView.swift in Sources */ = {isa = PBXBuildFile; fileRef = 649D94892AB41D7B0092BF0D /* InputTextView.swift */; };
		649D948C2AB448B80092BF0D /* Constants.swift in Sources */ = {isa = PBXBuildFile; fileRef = 649D948B2AB448B80092BF0D /* Constants.swift */; };
		649D948E2AB6EF4A0092BF0D /* User.swift in Sources */ = {isa = PBXBuildFile; fileRef = 649D948D2AB6EF4A0092BF0D /* User.swift */; };
		649D94912AB6EFFD0092BF0D /* UserService.swift in Sources */ = {isa = PBXBuildFile; fileRef = 649D94902AB6EFFD0092BF0D /* UserService.swift */; };
		64FA49EB2AB7DC7C0007A263 /* DiaryService.swift in Sources */ = {isa = PBXBuildFile; fileRef = 64FA49EA2AB7DC7C0007A263 /* DiaryService.swift */; };
		64FA49ED2AB7DDD90007A263 /* UploadDiaryViewModel.swift in Sources */ = {isa = PBXBuildFile; fileRef = 64FA49EC2AB7DDD90007A263 /* UploadDiaryViewModel.swift */; };
		64FA49EF2AB7DF0B0007A263 /* Diary.swift in Sources */ = {isa = PBXBuildFile; fileRef = 64FA49EE2AB7DF0B0007A263 /* Diary.swift */; };
		64FA49F12AB80BEF0007A263 /* DiaryCell.swift in Sources */ = {isa = PBXBuildFile; fileRef = 64FA49F02AB80BEF0007A263 /* DiaryCell.swift */; };
		64FA49F32AB815170007A263 /* DiaryViewModel.swift in Sources */ = {isa = PBXBuildFile; fileRef = 64FA49F22AB815170007A263 /* DiaryViewModel.swift */; };
		64FA49FF2AB83F4A0007A263 /* 나눔손글씨 무궁화.ttf in Resources */ = {isa = PBXBuildFile; fileRef = 64FA49FE2AB83F490007A263 /* 나눔손글씨 무궁화.ttf */; };
		64FA4A1B2AB9D0410007A263 /* ChatMessageCell.swift in Sources */ = {isa = PBXBuildFile; fileRef = 64FA4A1A2AB9D0410007A263 /* ChatMessageCell.swift */; };
		AB19DA4ACF04F045E70B1060 /* Pods_Memoir_Mate.framework in Frameworks */ = {isa = PBXBuildFile; fileRef = CD75905DB84546C8A59E468C /* Pods_Memoir_Mate.framework */; };
/* End PBXBuildFile section */

/* Begin PBXFileReference section */
		511CF1AF3192634CF689C053 /* Pods-Memoir-Mate.debug.xcconfig */ = {isa = PBXFileReference; includeInIndex = 1; lastKnownFileType = text.xcconfig; name = "Pods-Memoir-Mate.debug.xcconfig"; path = "Target Support Files/Pods-Memoir-Mate/Pods-Memoir-Mate.debug.xcconfig"; sourceTree = "<group>"; };
		642135582AC3ACB200E6E02D /* backg.mp4 */ = {isa = PBXFileReference; lastKnownFileType = file; path = backg.mp4; sourceTree = "<group>"; };
		6421355A2AC3B2CB00E6E02D /* backg.mp4 */ = {isa = PBXFileReference; lastKnownFileType = file; path = backg.mp4; sourceTree = "<group>"; };
		6421355C2AC3B42B00E6E02D /* backg.mp4 */ = {isa = PBXFileReference; lastKnownFileType = file; path = backg.mp4; sourceTree = "<group>"; };
		6421355E2AC3B74200E6E02D /* back.mp4 */ = {isa = PBXFileReference; lastKnownFileType = file; path = back.mp4; sourceTree = "<group>"; };
		642135602AC3B8B200E6E02D /* back2.mp4 */ = {isa = PBXFileReference; lastKnownFileType = file; path = back2.mp4; sourceTree = "<group>"; };
		642135622AC3BA1E00E6E02D /* back3.mp4 */ = {isa = PBXFileReference; lastKnownFileType = file; path = back3.mp4; sourceTree = "<group>"; };
		649D94582AB0A5590092BF0D /* Memoir-Mate.app */ = {isa = PBXFileReference; explicitFileType = wrapper.application; includeInIndex = 0; path = "Memoir-Mate.app"; sourceTree = BUILT_PRODUCTS_DIR; };
		649D945B2AB0A5590092BF0D /* AppDelegate.swift */ = {isa = PBXFileReference; lastKnownFileType = sourcecode.swift; path = AppDelegate.swift; sourceTree = "<group>"; };
		649D945D2AB0A5590092BF0D /* SceneDelegate.swift */ = {isa = PBXFileReference; lastKnownFileType = sourcecode.swift; path = SceneDelegate.swift; sourceTree = "<group>"; };
		649D94622AB0A5590092BF0D /* Base */ = {isa = PBXFileReference; lastKnownFileType = file.storyboard; name = Base; path = Base.lproj/Main.storyboard; sourceTree = "<group>"; };
		649D94642AB0A55B0092BF0D /* Assets.xcassets */ = {isa = PBXFileReference; lastKnownFileType = folder.assetcatalog; path = Assets.xcassets; sourceTree = "<group>"; };
		649D94672AB0A55B0092BF0D /* Base */ = {isa = PBXFileReference; lastKnownFileType = file.storyboard; name = Base; path = Base.lproj/LaunchScreen.storyboard; sourceTree = "<group>"; };
		649D94692AB0A55B0092BF0D /* Info.plist */ = {isa = PBXFileReference; lastKnownFileType = text.plist.xml; path = Info.plist; sourceTree = "<group>"; };
		649D94732AB192210092BF0D /* GoogleService-Info.plist */ = {isa = PBXFileReference; fileEncoding = 4; lastKnownFileType = text.plist.xml; name = "GoogleService-Info.plist"; path = "../../GoogleService-Info.plist"; sourceTree = "<group>"; };
		649D947A2AB19E5E0092BF0D /* LoginViewController.swift */ = {isa = PBXFileReference; lastKnownFileType = sourcecode.swift; path = LoginViewController.swift; sourceTree = "<group>"; };
		649D947C2AB19E840092BF0D /* MainTabController.swift */ = {isa = PBXFileReference; lastKnownFileType = sourcecode.swift; path = MainTabController.swift; sourceTree = "<group>"; };
		649D947E2AB19F200092BF0D /* DiaryViewController.swift */ = {isa = PBXFileReference; lastKnownFileType = sourcecode.swift; path = DiaryViewController.swift; sourceTree = "<group>"; };
		649D94802AB1A0EA0092BF0D /* DiaryCommunityFeedViewController.swift */ = {isa = PBXFileReference; lastKnownFileType = sourcecode.swift; path = DiaryCommunityFeedViewController.swift; sourceTree = "<group>"; };
		649D94822AB1A6550092BF0D /* UserListViewController.swift */ = {isa = PBXFileReference; lastKnownFileType = sourcecode.swift; path = UserListViewController.swift; sourceTree = "<group>"; };
		649D94842AB4169F0092BF0D /* WriteDiaryController.swift */ = {isa = PBXFileReference; lastKnownFileType = sourcecode.swift; path = WriteDiaryController.swift; sourceTree = "<group>"; };
		649D94872AB41CC10092BF0D /* Extentions.swift */ = {isa = PBXFileReference; lastKnownFileType = sourcecode.swift; path = Extentions.swift; sourceTree = "<group>"; };
		649D94892AB41D7B0092BF0D /* InputTextView.swift */ = {isa = PBXFileReference; lastKnownFileType = sourcecode.swift; path = InputTextView.swift; sourceTree = "<group>"; };
		649D948B2AB448B80092BF0D /* Constants.swift */ = {isa = PBXFileReference; lastKnownFileType = sourcecode.swift; path = Constants.swift; sourceTree = "<group>"; };
		649D948D2AB6EF4A0092BF0D /* User.swift */ = {isa = PBXFileReference; lastKnownFileType = sourcecode.swift; path = User.swift; sourceTree = "<group>"; };
		649D94902AB6EFFD0092BF0D /* UserService.swift */ = {isa = PBXFileReference; lastKnownFileType = sourcecode.swift; path = UserService.swift; sourceTree = "<group>"; };
		64FA49EA2AB7DC7C0007A263 /* DiaryService.swift */ = {isa = PBXFileReference; lastKnownFileType = sourcecode.swift; path = DiaryService.swift; sourceTree = "<group>"; };
		64FA49EC2AB7DDD90007A263 /* UploadDiaryViewModel.swift */ = {isa = PBXFileReference; lastKnownFileType = sourcecode.swift; path = UploadDiaryViewModel.swift; sourceTree = "<group>"; };
		64FA49EE2AB7DF0B0007A263 /* Diary.swift */ = {isa = PBXFileReference; lastKnownFileType = sourcecode.swift; path = Diary.swift; sourceTree = "<group>"; };
		64FA49F02AB80BEF0007A263 /* DiaryCell.swift */ = {isa = PBXFileReference; lastKnownFileType = sourcecode.swift; path = DiaryCell.swift; sourceTree = "<group>"; };
		64FA49F22AB815170007A263 /* DiaryViewModel.swift */ = {isa = PBXFileReference; lastKnownFileType = sourcecode.swift; path = DiaryViewModel.swift; sourceTree = "<group>"; };
		64FA49FE2AB83F490007A263 /* 나눔손글씨 무궁화.ttf */ = {isa = PBXFileReference; lastKnownFileType = file; path = "나눔손글씨 무궁화.ttf"; sourceTree = "<group>"; };
		64FA4A1A2AB9D0410007A263 /* ChatMessageCell.swift */ = {isa = PBXFileReference; fileEncoding = 4; lastKnownFileType = sourcecode.swift; path = ChatMessageCell.swift; sourceTree = "<group>"; };
		C3393A76B538D59770AD4234 /* Pods-Memoir-Mate.release.xcconfig */ = {isa = PBXFileReference; includeInIndex = 1; lastKnownFileType = text.xcconfig; name = "Pods-Memoir-Mate.release.xcconfig"; path = "Target Support Files/Pods-Memoir-Mate/Pods-Memoir-Mate.release.xcconfig"; sourceTree = "<group>"; };
		CD75905DB84546C8A59E468C /* Pods_Memoir_Mate.framework */ = {isa = PBXFileReference; explicitFileType = wrapper.framework; includeInIndex = 0; path = Pods_Memoir_Mate.framework; sourceTree = BUILT_PRODUCTS_DIR; };
/* End PBXFileReference section */

/* Begin PBXFrameworksBuildPhase section */
		649D94552AB0A5590092BF0D /* Frameworks */ = {
			isa = PBXFrameworksBuildPhase;
			buildActionMask = 2147483647;
			files = (
				AB19DA4ACF04F045E70B1060 /* Pods_Memoir_Mate.framework in Frameworks */,
			);
			runOnlyForDeploymentPostprocessing = 0;
		};
/* End PBXFrameworksBuildPhase section */

/* Begin PBXGroup section */
		649D944F2AB0A5590092BF0D = {
			isa = PBXGroup;
			children = (
				642135622AC3BA1E00E6E02D /* back3.mp4 */,
				642135602AC3B8B200E6E02D /* back2.mp4 */,
				6421355E2AC3B74200E6E02D /* back.mp4 */,
				642135582AC3ACB200E6E02D /* backg.mp4 */,
				6421355A2AC3B2CB00E6E02D /* backg.mp4 */,
				6421355C2AC3B42B00E6E02D /* backg.mp4 */,
				649D945A2AB0A5590092BF0D /* Memoir-Mate */,
				649D94592AB0A5590092BF0D /* Products */,
				71020CBAD3141C93DB0C947E /* Pods */,
				C578B6722C4B6743A3333214 /* Frameworks */,
			);
			sourceTree = "<group>";
		};
		649D94592AB0A5590092BF0D /* Products */ = {
			isa = PBXGroup;
			children = (
				649D94582AB0A5590092BF0D /* Memoir-Mate.app */,
			);
			name = Products;
			sourceTree = "<group>";
		};
		649D945A2AB0A5590092BF0D /* Memoir-Mate */ = {
			isa = PBXGroup;
			children = (
				64FA49F42AB833780007A263 /* Fonts */,
				649D94782AB19D4D0092BF0D /* Controller */,
				649D94772AB19D340092BF0D /* View */,
				649D94762AB19D220092BF0D /* ModelView */,
				649D94752AB19C280092BF0D /* Model */,
				649D945B2AB0A5590092BF0D /* AppDelegate.swift */,
				649D945D2AB0A5590092BF0D /* SceneDelegate.swift */,
				649D94612AB0A5590092BF0D /* Main.storyboard */,
				649D94642AB0A55B0092BF0D /* Assets.xcassets */,
				649D94662AB0A55B0092BF0D /* LaunchScreen.storyboard */,
				649D94692AB0A55B0092BF0D /* Info.plist */,
				649D94732AB192210092BF0D /* GoogleService-Info.plist */,
				649D948F2AB6EFD30092BF0D /* API */,
				649D94862AB41C9F0092BF0D /* Utils */,
			);
			path = "Memoir-Mate";
			sourceTree = "<group>";
		};
		649D94752AB19C280092BF0D /* Model */ = {
			isa = PBXGroup;
			children = (
				649D948D2AB6EF4A0092BF0D /* User.swift */,
				64FA49EE2AB7DF0B0007A263 /* Diary.swift */,
			);
			path = Model;
			sourceTree = "<group>";
		};
		649D94762AB19D220092BF0D /* ModelView */ = {
			isa = PBXGroup;
			children = (
				64FA49EC2AB7DDD90007A263 /* UploadDiaryViewModel.swift */,
				64FA49F22AB815170007A263 /* DiaryViewModel.swift */,
			);
			path = ModelView;
			sourceTree = "<group>";
		};
		649D94772AB19D340092BF0D /* View */ = {
			isa = PBXGroup;
			children = (
				64FA4A1A2AB9D0410007A263 /* ChatMessageCell.swift */,
				649D94892AB41D7B0092BF0D /* InputTextView.swift */,
				64FA49F02AB80BEF0007A263 /* DiaryCell.swift */,
			);
			path = View;
			sourceTree = "<group>";
		};
		649D94782AB19D4D0092BF0D /* Controller */ = {
			isa = PBXGroup;
			children = (
				649D94792AB19E400092BF0D /* Login */,
				649D947C2AB19E840092BF0D /* MainTabController.swift */,
				649D947E2AB19F200092BF0D /* DiaryViewController.swift */,
				649D94842AB4169F0092BF0D /* WriteDiaryController.swift */,
				649D94802AB1A0EA0092BF0D /* DiaryCommunityFeedViewController.swift */,
				649D94822AB1A6550092BF0D /* UserListViewController.swift */,
			);
			path = Controller;
			sourceTree = "<group>";
		};
		649D94792AB19E400092BF0D /* Login */ = {
			isa = PBXGroup;
			children = (
				649D947A2AB19E5E0092BF0D /* LoginViewController.swift */,
			);
			path = Login;
			sourceTree = "<group>";
		};
		649D94862AB41C9F0092BF0D /* Utils */ = {
			isa = PBXGroup;
			children = (
				649D94872AB41CC10092BF0D /* Extentions.swift */,
				649D948B2AB448B80092BF0D /* Constants.swift */,
			);
			path = Utils;
			sourceTree = "<group>";
		};
		649D948F2AB6EFD30092BF0D /* API */ = {
			isa = PBXGroup;
			children = (
				649D94902AB6EFFD0092BF0D /* UserService.swift */,
				64FA49EA2AB7DC7C0007A263 /* DiaryService.swift */,
			);
			path = API;
			sourceTree = "<group>";
		};
		64FA49F42AB833780007A263 /* Fonts */ = {
			isa = PBXGroup;
			children = (
				64FA49FE2AB83F490007A263 /* 나눔손글씨 무궁화.ttf */,
			);
			path = Fonts;
			sourceTree = "<group>";
		};
		71020CBAD3141C93DB0C947E /* Pods */ = {
			isa = PBXGroup;
			children = (
				511CF1AF3192634CF689C053 /* Pods-Memoir-Mate.debug.xcconfig */,
				C3393A76B538D59770AD4234 /* Pods-Memoir-Mate.release.xcconfig */,
			);
			path = Pods;
			sourceTree = "<group>";
		};
		C578B6722C4B6743A3333214 /* Frameworks */ = {
			isa = PBXGroup;
			children = (
				CD75905DB84546C8A59E468C /* Pods_Memoir_Mate.framework */,
			);
			name = Frameworks;
			sourceTree = "<group>";
		};
/* End PBXGroup section */

/* Begin PBXNativeTarget section */
		649D94572AB0A5590092BF0D /* Memoir-Mate */ = {
			isa = PBXNativeTarget;
			buildConfigurationList = 649D946C2AB0A55B0092BF0D /* Build configuration list for PBXNativeTarget "Memoir-Mate" */;
			buildPhases = (
				E46A2977CE79FA4431C16C54 /* [CP] Check Pods Manifest.lock */,
				649D94542AB0A5590092BF0D /* Sources */,
				649D94552AB0A5590092BF0D /* Frameworks */,
				649D94562AB0A5590092BF0D /* Resources */,
				37F62DFF67ED0FA9DAE64679 /* [CP] Embed Pods Frameworks */,
			);
			buildRules = (
			);
			dependencies = (
			);
			name = "Memoir-Mate";
			productName = "Memoir-Mate";
			productReference = 649D94582AB0A5590092BF0D /* Memoir-Mate.app */;
			productType = "com.apple.product-type.application";
		};
/* End PBXNativeTarget section */

/* Begin PBXProject section */
		649D94502AB0A5590092BF0D /* Project object */ = {
			isa = PBXProject;
			attributes = {
				BuildIndependentTargetsInParallel = 1;
				LastSwiftUpdateCheck = 1430;
				LastUpgradeCheck = 1430;
				TargetAttributes = {
					649D94572AB0A5590092BF0D = {
						CreatedOnToolsVersion = 14.3.1;
					};
				};
			};
			buildConfigurationList = 649D94532AB0A5590092BF0D /* Build configuration list for PBXProject "Memoir-Mate" */;
			compatibilityVersion = "Xcode 14.0";
			developmentRegion = en;
			hasScannedForEncodings = 0;
			knownRegions = (
				en,
				Base,
			);
			mainGroup = 649D944F2AB0A5590092BF0D;
			productRefGroup = 649D94592AB0A5590092BF0D /* Products */;
			projectDirPath = "";
			projectRoot = "";
			targets = (
				649D94572AB0A5590092BF0D /* Memoir-Mate */,
			);
		};
/* End PBXProject section */

/* Begin PBXResourcesBuildPhase section */
		649D94562AB0A5590092BF0D /* Resources */ = {
			isa = PBXResourcesBuildPhase;
			buildActionMask = 2147483647;
			files = (
				642135632AC3BA1E00E6E02D /* back3.mp4 in Resources */,
				649D94682AB0A55B0092BF0D /* LaunchScreen.storyboard in Resources */,
				649D94742AB192210092BF0D /* GoogleService-Info.plist in Resources */,
				649D94652AB0A55B0092BF0D /* Assets.xcassets in Resources */,
				649D94632AB0A5590092BF0D /* Main.storyboard in Resources */,
				64FA49FF2AB83F4A0007A263 /* 나눔손글씨 무궁화.ttf in Resources */,
			);
			runOnlyForDeploymentPostprocessing = 0;
		};
/* End PBXResourcesBuildPhase section */

/* Begin PBXShellScriptBuildPhase section */
		37F62DFF67ED0FA9DAE64679 /* [CP] Embed Pods Frameworks */ = {
			isa = PBXShellScriptBuildPhase;
			buildActionMask = 2147483647;
			files = (
			);
			inputFileListPaths = (
				"${PODS_ROOT}/Target Support Files/Pods-Memoir-Mate/Pods-Memoir-Mate-frameworks-${CONFIGURATION}-input-files.xcfilelist",
			);
			name = "[CP] Embed Pods Frameworks";
			outputFileListPaths = (
				"${PODS_ROOT}/Target Support Files/Pods-Memoir-Mate/Pods-Memoir-Mate-frameworks-${CONFIGURATION}-output-files.xcfilelist",
			);
			runOnlyForDeploymentPostprocessing = 0;
			shellPath = /bin/sh;
			shellScript = "\"${PODS_ROOT}/Target Support Files/Pods-Memoir-Mate/Pods-Memoir-Mate-frameworks.sh\"\n";
			showEnvVarsInLog = 0;
		};
		E46A2977CE79FA4431C16C54 /* [CP] Check Pods Manifest.lock */ = {
			isa = PBXShellScriptBuildPhase;
			buildActionMask = 2147483647;
			files = (
			);
			inputFileListPaths = (
			);
			inputPaths = (
				"${PODS_PODFILE_DIR_PATH}/Podfile.lock",
				"${PODS_ROOT}/Manifest.lock",
			);
			name = "[CP] Check Pods Manifest.lock";
			outputFileListPaths = (
			);
			outputPaths = (
				"$(DERIVED_FILE_DIR)/Pods-Memoir-Mate-checkManifestLockResult.txt",
			);
			runOnlyForDeploymentPostprocessing = 0;
			shellPath = /bin/sh;
			shellScript = "diff \"${PODS_PODFILE_DIR_PATH}/Podfile.lock\" \"${PODS_ROOT}/Manifest.lock\" > /dev/null\nif [ $? != 0 ] ; then\n    # print error to STDERR\n    echo \"error: The sandbox is not in sync with the Podfile.lock. Run 'pod install' or update your CocoaPods installation.\" >&2\n    exit 1\nfi\n# This output is used by Xcode 'outputs' to avoid re-running this script phase.\necho \"SUCCESS\" > \"${SCRIPT_OUTPUT_FILE_0}\"\n";
			showEnvVarsInLog = 0;
		};
/* End PBXShellScriptBuildPhase section */

/* Begin PBXSourcesBuildPhase section */
		649D94542AB0A5590092BF0D /* Sources */ = {
			isa = PBXSourcesBuildPhase;
			buildActionMask = 2147483647;
			files = (
				649D94832AB1A6550092BF0D /* UserListViewController.swift in Sources */,
				64FA49EB2AB7DC7C0007A263 /* DiaryService.swift in Sources */,
				649D948C2AB448B80092BF0D /* Constants.swift in Sources */,
				649D947B2AB19E5E0092BF0D /* LoginViewController.swift in Sources */,
				649D945C2AB0A5590092BF0D /* AppDelegate.swift in Sources */,
				649D94812AB1A0EA0092BF0D /* DiaryCommunityFeedViewController.swift in Sources */,
				64FA49F32AB815170007A263 /* DiaryViewModel.swift in Sources */,
				649D947F2AB19F200092BF0D /* DiaryViewController.swift in Sources */,
				649D94912AB6EFFD0092BF0D /* UserService.swift in Sources */,
				649D94852AB416A00092BF0D /* WriteDiaryController.swift in Sources */,
				649D948A2AB41D7B0092BF0D /* InputTextView.swift in Sources */,
				649D948E2AB6EF4A0092BF0D /* User.swift in Sources */,
				64FA49ED2AB7DDD90007A263 /* UploadDiaryViewModel.swift in Sources */,
				649D947D2AB19E840092BF0D /* MainTabController.swift in Sources */,
				64FA49F12AB80BEF0007A263 /* DiaryCell.swift in Sources */,
				649D945E2AB0A5590092BF0D /* SceneDelegate.swift in Sources */,
				64FA4A1B2AB9D0410007A263 /* ChatMessageCell.swift in Sources */,
				649D94882AB41CC10092BF0D /* Extentions.swift in Sources */,
				64FA49EF2AB7DF0B0007A263 /* Diary.swift in Sources */,
			);
			runOnlyForDeploymentPostprocessing = 0;
		};
/* End PBXSourcesBuildPhase section */

/* Begin PBXVariantGroup section */
		649D94612AB0A5590092BF0D /* Main.storyboard */ = {
			isa = PBXVariantGroup;
			children = (
				649D94622AB0A5590092BF0D /* Base */,
			);
			name = Main.storyboard;
			sourceTree = "<group>";
		};
		649D94662AB0A55B0092BF0D /* LaunchScreen.storyboard */ = {
			isa = PBXVariantGroup;
			children = (
				649D94672AB0A55B0092BF0D /* Base */,
			);
			name = LaunchScreen.storyboard;
			sourceTree = "<group>";
		};
/* End PBXVariantGroup section */

/* Begin XCBuildConfiguration section */
		649D946A2AB0A55B0092BF0D /* Debug */ = {
			isa = XCBuildConfiguration;
			buildSettings = {
				ALWAYS_SEARCH_USER_PATHS = NO;
				CLANG_ANALYZER_NONNULL = YES;
				CLANG_ANALYZER_NUMBER_OBJECT_CONVERSION = YES_AGGRESSIVE;
				CLANG_CXX_LANGUAGE_STANDARD = "gnu++20";
				CLANG_ENABLE_MODULES = YES;
				CLANG_ENABLE_OBJC_ARC = YES;
				CLANG_ENABLE_OBJC_WEAK = YES;
				CLANG_WARN_BLOCK_CAPTURE_AUTORELEASING = YES;
				CLANG_WARN_BOOL_CONVERSION = YES;
				CLANG_WARN_COMMA = YES;
				CLANG_WARN_CONSTANT_CONVERSION = YES;
				CLANG_WARN_DEPRECATED_OBJC_IMPLEMENTATIONS = YES;
				CLANG_WARN_DIRECT_OBJC_ISA_USAGE = YES_ERROR;
				CLANG_WARN_DOCUMENTATION_COMMENTS = YES;
				CLANG_WARN_EMPTY_BODY = YES;
				CLANG_WARN_ENUM_CONVERSION = YES;
				CLANG_WARN_INFINITE_RECURSION = YES;
				CLANG_WARN_INT_CONVERSION = YES;
				CLANG_WARN_NON_LITERAL_NULL_CONVERSION = YES;
				CLANG_WARN_OBJC_IMPLICIT_RETAIN_SELF = YES;
				CLANG_WARN_OBJC_LITERAL_CONVERSION = YES;
				CLANG_WARN_OBJC_ROOT_CLASS = YES_ERROR;
				CLANG_WARN_QUOTED_INCLUDE_IN_FRAMEWORK_HEADER = YES;
				CLANG_WARN_RANGE_LOOP_ANALYSIS = YES;
				CLANG_WARN_STRICT_PROTOTYPES = YES;
				CLANG_WARN_SUSPICIOUS_MOVE = YES;
				CLANG_WARN_UNGUARDED_AVAILABILITY = YES_AGGRESSIVE;
				CLANG_WARN_UNREACHABLE_CODE = YES;
				CLANG_WARN__DUPLICATE_METHOD_MATCH = YES;
				COPY_PHASE_STRIP = NO;
				DEBUG_INFORMATION_FORMAT = dwarf;
				ENABLE_STRICT_OBJC_MSGSEND = YES;
				ENABLE_TESTABILITY = YES;
				GCC_C_LANGUAGE_STANDARD = gnu11;
				GCC_DYNAMIC_NO_PIC = NO;
				GCC_NO_COMMON_BLOCKS = YES;
				GCC_OPTIMIZATION_LEVEL = 0;
				GCC_PREPROCESSOR_DEFINITIONS = (
					"DEBUG=1",
					"$(inherited)",
				);
				GCC_WARN_64_TO_32_BIT_CONVERSION = YES;
				GCC_WARN_ABOUT_RETURN_TYPE = YES_ERROR;
				GCC_WARN_UNDECLARED_SELECTOR = YES;
				GCC_WARN_UNINITIALIZED_AUTOS = YES_AGGRESSIVE;
				GCC_WARN_UNUSED_FUNCTION = YES;
				GCC_WARN_UNUSED_VARIABLE = YES;
				IPHONEOS_DEPLOYMENT_TARGET = 15.0;
				MTL_ENABLE_DEBUG_INFO = INCLUDE_SOURCE;
				MTL_FAST_MATH = YES;
				ONLY_ACTIVE_ARCH = YES;
				SDKROOT = iphoneos;
				SWIFT_ACTIVE_COMPILATION_CONDITIONS = DEBUG;
				SWIFT_OPTIMIZATION_LEVEL = "-Onone";
			};
			name = Debug;
		};
		649D946B2AB0A55B0092BF0D /* Release */ = {
			isa = XCBuildConfiguration;
			buildSettings = {
				ALWAYS_SEARCH_USER_PATHS = NO;
				CLANG_ANALYZER_NONNULL = YES;
				CLANG_ANALYZER_NUMBER_OBJECT_CONVERSION = YES_AGGRESSIVE;
				CLANG_CXX_LANGUAGE_STANDARD = "gnu++20";
				CLANG_ENABLE_MODULES = YES;
				CLANG_ENABLE_OBJC_ARC = YES;
				CLANG_ENABLE_OBJC_WEAK = YES;
				CLANG_WARN_BLOCK_CAPTURE_AUTORELEASING = YES;
				CLANG_WARN_BOOL_CONVERSION = YES;
				CLANG_WARN_COMMA = YES;
				CLANG_WARN_CONSTANT_CONVERSION = YES;
				CLANG_WARN_DEPRECATED_OBJC_IMPLEMENTATIONS = YES;
				CLANG_WARN_DIRECT_OBJC_ISA_USAGE = YES_ERROR;
				CLANG_WARN_DOCUMENTATION_COMMENTS = YES;
				CLANG_WARN_EMPTY_BODY = YES;
				CLANG_WARN_ENUM_CONVERSION = YES;
				CLANG_WARN_INFINITE_RECURSION = YES;
				CLANG_WARN_INT_CONVERSION = YES;
				CLANG_WARN_NON_LITERAL_NULL_CONVERSION = YES;
				CLANG_WARN_OBJC_IMPLICIT_RETAIN_SELF = YES;
				CLANG_WARN_OBJC_LITERAL_CONVERSION = YES;
				CLANG_WARN_OBJC_ROOT_CLASS = YES_ERROR;
				CLANG_WARN_QUOTED_INCLUDE_IN_FRAMEWORK_HEADER = YES;
				CLANG_WARN_RANGE_LOOP_ANALYSIS = YES;
				CLANG_WARN_STRICT_PROTOTYPES = YES;
				CLANG_WARN_SUSPICIOUS_MOVE = YES;
				CLANG_WARN_UNGUARDED_AVAILABILITY = YES_AGGRESSIVE;
				CLANG_WARN_UNREACHABLE_CODE = YES;
				CLANG_WARN__DUPLICATE_METHOD_MATCH = YES;
				COPY_PHASE_STRIP = NO;
				DEBUG_INFORMATION_FORMAT = "dwarf-with-dsym";
				ENABLE_NS_ASSERTIONS = NO;
				ENABLE_STRICT_OBJC_MSGSEND = YES;
				GCC_C_LANGUAGE_STANDARD = gnu11;
				GCC_NO_COMMON_BLOCKS = YES;
				GCC_WARN_64_TO_32_BIT_CONVERSION = YES;
				GCC_WARN_ABOUT_RETURN_TYPE = YES_ERROR;
				GCC_WARN_UNDECLARED_SELECTOR = YES;
				GCC_WARN_UNINITIALIZED_AUTOS = YES_AGGRESSIVE;
				GCC_WARN_UNUSED_FUNCTION = YES;
				GCC_WARN_UNUSED_VARIABLE = YES;
				IPHONEOS_DEPLOYMENT_TARGET = 15.0;
				MTL_ENABLE_DEBUG_INFO = NO;
				MTL_FAST_MATH = YES;
				SDKROOT = iphoneos;
				SWIFT_COMPILATION_MODE = wholemodule;
				SWIFT_OPTIMIZATION_LEVEL = "-O";
				VALIDATE_PRODUCT = YES;
			};
			name = Release;
		};
		649D946D2AB0A55B0092BF0D /* Debug */ = {
			isa = XCBuildConfiguration;
			baseConfigurationReference = 511CF1AF3192634CF689C053 /* Pods-Memoir-Mate.debug.xcconfig */;
			buildSettings = {
				ASSETCATALOG_COMPILER_APPICON_NAME = AppIcon;
				ASSETCATALOG_COMPILER_GLOBAL_ACCENT_COLOR_NAME = AccentColor;
				CODE_SIGN_STYLE = Automatic;
				CURRENT_PROJECT_VERSION = 1;
				DEVELOPMENT_TEAM = 5KA6J79S24;
				GENERATE_INFOPLIST_FILE = YES;
				INFOPLIST_FILE = "Memoir-Mate/Info.plist";
				INFOPLIST_KEY_UIApplicationSupportsIndirectInputEvents = YES;
				INFOPLIST_KEY_UILaunchStoryboardName = LaunchScreen;
				INFOPLIST_KEY_UIMainStoryboardFile = Main;
				INFOPLIST_KEY_UISupportedInterfaceOrientations_iPad = "UIInterfaceOrientationPortrait UIInterfaceOrientationPortraitUpsideDown UIInterfaceOrientationLandscapeLeft UIInterfaceOrientationLandscapeRight";
				INFOPLIST_KEY_UISupportedInterfaceOrientations_iPhone = "UIInterfaceOrientationPortrait UIInterfaceOrientationLandscapeLeft UIInterfaceOrientationLandscapeRight";
				LD_RUNPATH_SEARCH_PATHS = (
					"$(inherited)",
					"@executable_path/Frameworks",
				);
				MARKETING_VERSION = 1.0;
				PRODUCT_BUNDLE_IDENTIFIER = "com.woogie.Memoir-Mate";
				PRODUCT_NAME = "$(TARGET_NAME)";
				SWIFT_EMIT_LOC_STRINGS = YES;
				SWIFT_VERSION = 5.0;
				TARGETED_DEVICE_FAMILY = "1,2";
			};
			name = Debug;
		};
		649D946E2AB0A55B0092BF0D /* Release */ = {
			isa = XCBuildConfiguration;
			baseConfigurationReference = C3393A76B538D59770AD4234 /* Pods-Memoir-Mate.release.xcconfig */;
			buildSettings = {
				ASSETCATALOG_COMPILER_APPICON_NAME = AppIcon;
				ASSETCATALOG_COMPILER_GLOBAL_ACCENT_COLOR_NAME = AccentColor;
				CODE_SIGN_STYLE = Automatic;
				CURRENT_PROJECT_VERSION = 1;
				DEVELOPMENT_TEAM = 5KA6J79S24;
				GENERATE_INFOPLIST_FILE = YES;
				INFOPLIST_FILE = "Memoir-Mate/Info.plist";
				INFOPLIST_KEY_UIApplicationSupportsIndirectInputEvents = YES;
				INFOPLIST_KEY_UILaunchStoryboardName = LaunchScreen;
				INFOPLIST_KEY_UIMainStoryboardFile = Main;
				INFOPLIST_KEY_UISupportedInterfaceOrientations_iPad = "UIInterfaceOrientationPortrait UIInterfaceOrientationPortraitUpsideDown UIInterfaceOrientationLandscapeLeft UIInterfaceOrientationLandscapeRight";
				INFOPLIST_KEY_UISupportedInterfaceOrientations_iPhone = "UIInterfaceOrientationPortrait UIInterfaceOrientationLandscapeLeft UIInterfaceOrientationLandscapeRight";
				LD_RUNPATH_SEARCH_PATHS = (
					"$(inherited)",
					"@executable_path/Frameworks",
				);
				MARKETING_VERSION = 1.0;
				PRODUCT_BUNDLE_IDENTIFIER = "com.woogie.Memoir-Mate";
				PRODUCT_NAME = "$(TARGET_NAME)";
				SWIFT_EMIT_LOC_STRINGS = YES;
				SWIFT_VERSION = 5.0;
				TARGETED_DEVICE_FAMILY = "1,2";
			};
			name = Release;
		};
/* End XCBuildConfiguration section */

/* Begin XCConfigurationList section */
		649D94532AB0A5590092BF0D /* Build configuration list for PBXProject "Memoir-Mate" */ = {
			isa = XCConfigurationList;
			buildConfigurations = (
				649D946A2AB0A55B0092BF0D /* Debug */,
				649D946B2AB0A55B0092BF0D /* Release */,
			);
			defaultConfigurationIsVisible = 0;
			defaultConfigurationName = Release;
		};
		649D946C2AB0A55B0092BF0D /* Build configuration list for PBXNativeTarget "Memoir-Mate" */ = {
			isa = XCConfigurationList;
			buildConfigurations = (
				649D946D2AB0A55B0092BF0D /* Debug */,
				649D946E2AB0A55B0092BF0D /* Release */,
			);
			defaultConfigurationIsVisible = 0;
			defaultConfigurationName = Release;
		};
/* End XCConfigurationList section */
	};
	rootObject = 649D94502AB0A5590092BF0D /* Project object */;
}
